
Microsoft Visual Studio Solution File, Format Version 12.00
# Visual Studio 2012
Project("{FAE04EC0-301F-11D3-BF4B-00C04F79EFBC}") = "dbustest", "dbustest\dbustest.csproj", "{DA0627CB-36AA-40C3-9F8B-05285C65931C}"
EndProject
Global
	GlobalSection(SolutionConfigurationPlatforms) = preSolution
		Debug|x86 = Debug|x86
		Release|x86 = Release|x86
	EndGlobalSection
	GlobalSection(ProjectConfigurationPlatforms) = postSolution
		{DA0627CB-36AA-40C3-9F8B-05285C65931C}.Debug|x86.ActiveCfg = Debug|x86
		{DA0627CB-36AA-40C3-9F8B-05285C65931C}.Debug|x86.Build.0 = Debug|x86
		{DA0627CB-36AA-40C3-9F8B-05285C65931C}.Release|x86.ActiveCfg = Release|x86
		{DA0627CB-36AA-40C3-9F8B-05285C65931C}.Release|x86.Build.0 = Release|x86
	EndGlobalSection
	GlobalSection(MonoDevelopProperties) = preSolution
		StartupItem = dbustest\dbustest.csproj
	EndGlobalSection
EndGlobal
